{
  "name": "@goldix.org/actions",
  "version": "0.0.1",
  "lockfileVersion": 1,
  "requires": true,
  "dependencies": {
    "@goldix.org/types": {
      "version": "0.0.1",
      "resolved": "https://registry.npmjs.org/@goldix.org/types/-/types-0.0.1.tgz",
      "integrity": "sha512-5vR249U3aF3ADe8oBaK0oEwxI2zwyZieMVtWq2LHPprtek0A9HAkHHlBI2ZOTODboswxJQjSxzWI42gbB6qWDw=="
    }
  }
}
